
Microsoft Visual Studio Solution File, Format Version 12.00
# Visual Studio Express 2012 for Web
Project("{FAE04EC0-301F-11D3-BF4B-00C04F79EFBC}") = "CacheConsoleExperiment", "CacheConsoleExperiment\CacheConsoleExperiment.csproj", "{BAA50147-B7B0-49A9-BFB5-9B50192D84E4}"
EndProject
Global
	GlobalSection(SolutionConfigurationPlatforms) = preSolution
		Debug|Any CPU = Debug|Any CPU
		Release|Any CPU = Release|Any CPU
	EndGlobalSection
	GlobalSection(ProjectConfigurationPlatforms) = postSolution
		{BAA50147-B7B0-49A9-BFB5-9B50192D84E4}.Debug|Any CPU.ActiveCfg = Debug|Any CPU
		{BAA50147-B7B0-49A9-BFB5-9B50192D84E4}.Debug|Any CPU.Build.0 = Debug|Any CPU
		{BAA50147-B7B0-49A9-BFB5-9B50192D84E4}.Release|Any CPU.ActiveCfg = Release|Any CPU
		{BAA50147-B7B0-49A9-BFB5-9B50192D84E4}.Release|Any CPU.Build.0 = Release|Any CPU
	EndGlobalSection
	GlobalSection(SolutionProperties) = preSolution
		HideSolutionNode = FALSE
	EndGlobalSection
EndGlobal
