
Microsoft Visual Studio Solution File, Format Version 12.00
# Visual Studio Express 2012 for Web
Project("{FAE04EC0-301F-11D3-BF4B-00C04F79EFBC}") = "SimpleAzureDataDelete", "SimpleAzureDataDelete\SimpleAzureDataDelete.csproj", "{D5E64A9C-68C8-4B64-A86D-564D79E7F2EA}"
EndProject
Global
	GlobalSection(SolutionConfigurationPlatforms) = preSolution
		Debug|Any CPU = Debug|Any CPU
		Release|Any CPU = Release|Any CPU
	EndGlobalSection
	GlobalSection(ProjectConfigurationPlatforms) = postSolution
		{D5E64A9C-68C8-4B64-A86D-564D79E7F2EA}.Debug|Any CPU.ActiveCfg = Debug|Any CPU
		{D5E64A9C-68C8-4B64-A86D-564D79E7F2EA}.Debug|Any CPU.Build.0 = Debug|Any CPU
		{D5E64A9C-68C8-4B64-A86D-564D79E7F2EA}.Release|Any CPU.ActiveCfg = Release|Any CPU
		{D5E64A9C-68C8-4B64-A86D-564D79E7F2EA}.Release|Any CPU.Build.0 = Release|Any CPU
	EndGlobalSection
	GlobalSection(SolutionProperties) = preSolution
		HideSolutionNode = FALSE
	EndGlobalSection
EndGlobal
