
Microsoft Visual Studio Solution File, Format Version 12.00
# Visual Studio Express 2012 for Web
Project("{FAE04EC0-301F-11D3-BF4B-00C04F79EFBC}") = "EmptyNancy", "EmptyNancy\EmptyNancy.csproj", "{C13AECCA-31EB-40BD-A512-729474AB4A46}"
EndProject
Global
	GlobalSection(SolutionConfigurationPlatforms) = preSolution
		Debug|Any CPU = Debug|Any CPU
		Release|Any CPU = Release|Any CPU
	EndGlobalSection
	GlobalSection(ProjectConfigurationPlatforms) = postSolution
		{C13AECCA-31EB-40BD-A512-729474AB4A46}.Debug|Any CPU.ActiveCfg = Debug|Any CPU
		{C13AECCA-31EB-40BD-A512-729474AB4A46}.Debug|Any CPU.Build.0 = Debug|Any CPU
		{C13AECCA-31EB-40BD-A512-729474AB4A46}.Release|Any CPU.ActiveCfg = Release|Any CPU
		{C13AECCA-31EB-40BD-A512-729474AB4A46}.Release|Any CPU.Build.0 = Release|Any CPU
	EndGlobalSection
	GlobalSection(SolutionProperties) = preSolution
		HideSolutionNode = FALSE
	EndGlobalSection
EndGlobal
